
Microsoft Visual Studio Solution File, Format Version 12.00
# Visual Studio 2012
Project("{FAE04EC0-301F-11D3-BF4B-00C04F79EFBC}") = "DotAmf", "Src\DotAmf\DotAmf.csproj", "{DBF8762E-17D7-4AAE-9F06-133DE9870FBC}"
EndProject
Project("{FAE04EC0-301F-11D3-BF4B-00C04F79EFBC}") = "DotAmf.Wcf", "Src\DotAmf.Wcf\DotAmf.Wcf.csproj", "{7F1303A6-9994-490E-B6B3-BDC5113281EE}"
EndProject
Project("{2150E333-8FDC-42A3-9474-1A3956D46DE8}") = "Examples", "Examples", "{3B6BCA40-E0E2-41FF-AB07-BDA371D65A2E}"
EndProject
Project("{FAE04EC0-301F-11D3-BF4B-00C04F79EFBC}") = "ExampleService", "Examples\ExampleService\ExampleService.csproj", "{BF7F4EF2-8104-410E-8091-E977CFBB7465}"
EndProject
Global
	GlobalSection(SolutionConfigurationPlatforms) = preSolution
		Debug|Any CPU = Debug|Any CPU
		Debug|Mixed Platforms = Debug|Mixed Platforms
		Debug|x86 = Debug|x86
		Release|Any CPU = Release|Any CPU
		Release|Mixed Platforms = Release|Mixed Platforms
		Release|x86 = Release|x86
	EndGlobalSection
	GlobalSection(ProjectConfigurationPlatforms) = postSolution
		{DBF8762E-17D7-4AAE-9F06-133DE9870FBC}.Debug|Any CPU.ActiveCfg = Debug|Any CPU
		{DBF8762E-17D7-4AAE-9F06-133DE9870FBC}.Debug|Any CPU.Build.0 = Debug|Any CPU
		{DBF8762E-17D7-4AAE-9F06-133DE9870FBC}.Debug|Mixed Platforms.ActiveCfg = Debug|Any CPU
		{DBF8762E-17D7-4AAE-9F06-133DE9870FBC}.Debug|Mixed Platforms.Build.0 = Debug|Any CPU
		{DBF8762E-17D7-4AAE-9F06-133DE9870FBC}.Debug|x86.ActiveCfg = Debug|Any CPU
		{DBF8762E-17D7-4AAE-9F06-133DE9870FBC}.Release|Any CPU.ActiveCfg = Release|Any CPU
		{DBF8762E-17D7-4AAE-9F06-133DE9870FBC}.Release|Any CPU.Build.0 = Release|Any CPU
		{DBF8762E-17D7-4AAE-9F06-133DE9870FBC}.Release|Mixed Platforms.ActiveCfg = Release|Any CPU
		{DBF8762E-17D7-4AAE-9F06-133DE9870FBC}.Release|Mixed Platforms.Build.0 = Release|Any CPU
		{DBF8762E-17D7-4AAE-9F06-133DE9870FBC}.Release|x86.ActiveCfg = Release|Any CPU
		{7F1303A6-9994-490E-B6B3-BDC5113281EE}.Debug|Any CPU.ActiveCfg = Debug|Any CPU
		{7F1303A6-9994-490E-B6B3-BDC5113281EE}.Debug|Any CPU.Build.0 = Debug|Any CPU
		{7F1303A6-9994-490E-B6B3-BDC5113281EE}.Debug|Mixed Platforms.ActiveCfg = Debug|Any CPU
		{7F1303A6-9994-490E-B6B3-BDC5113281EE}.Debug|Mixed Platforms.Build.0 = Debug|Any CPU
		{7F1303A6-9994-490E-B6B3-BDC5113281EE}.Debug|x86.ActiveCfg = Debug|Any CPU
		{7F1303A6-9994-490E-B6B3-BDC5113281EE}.Release|Any CPU.ActiveCfg = Release|Any CPU
		{7F1303A6-9994-490E-B6B3-BDC5113281EE}.Release|Any CPU.Build.0 = Release|Any CPU
		{7F1303A6-9994-490E-B6B3-BDC5113281EE}.Release|Mixed Platforms.ActiveCfg = Release|Any CPU
		{7F1303A6-9994-490E-B6B3-BDC5113281EE}.Release|Mixed Platforms.Build.0 = Release|Any CPU
		{7F1303A6-9994-490E-B6B3-BDC5113281EE}.Release|x86.ActiveCfg = Release|Any CPU
		{BF7F4EF2-8104-410E-8091-E977CFBB7465}.Debug|Any CPU.ActiveCfg = Debug|Any CPU
		{BF7F4EF2-8104-410E-8091-E977CFBB7465}.Debug|Any CPU.Build.0 = Debug|Any CPU
		{BF7F4EF2-8104-410E-8091-E977CFBB7465}.Debug|Mixed Platforms.ActiveCfg = Debug|Any CPU
		{BF7F4EF2-8104-410E-8091-E977CFBB7465}.Debug|Mixed Platforms.Build.0 = Debug|Any CPU
		{BF7F4EF2-8104-410E-8091-E977CFBB7465}.Debug|x86.ActiveCfg = Debug|Any CPU
		{BF7F4EF2-8104-410E-8091-E977CFBB7465}.Release|Any CPU.ActiveCfg = Release|Any CPU
		{BF7F4EF2-8104-410E-8091-E977CFBB7465}.Release|Any CPU.Build.0 = Release|Any CPU
		{BF7F4EF2-8104-410E-8091-E977CFBB7465}.Release|Mixed Platforms.ActiveCfg = Release|Any CPU
		{BF7F4EF2-8104-410E-8091-E977CFBB7465}.Release|Mixed Platforms.Build.0 = Release|Any CPU
		{BF7F4EF2-8104-410E-8091-E977CFBB7465}.Release|x86.ActiveCfg = Release|Any CPU
	EndGlobalSection
	GlobalSection(SolutionProperties) = preSolution
		HideSolutionNode = FALSE
	EndGlobalSection
	GlobalSection(NestedProjects) = preSolution
		{BF7F4EF2-8104-410E-8091-E977CFBB7465} = {3B6BCA40-E0E2-41FF-AB07-BDA371D65A2E}
	EndGlobalSection
EndGlobal
